{
  "lockfileVersion": 1,
  "configVersion": 1,
  "workspaces": {
    "": {
      "name": "forge-runtime-spike",
      "dependencies": {
        "@zed-industries/agent-client-protocol": "0.4.x",
        "node-pty": "^1.1.0",
      },
    },
  },
  "packages": {
    "@zed-industries/agent-client-protocol": ["@zed-industries/agent-client-protocol@0.4.5", "", { "dependencies": { "zod": "^3.0.0" } }, "sha512-OwHKfu5AiKul/GSJilHg36+kOSV9eOl2eYnjR6tenAQDdraSnt22WFk0SDFTeuAANz1Gxkv+DTf7Hq32rvX7FQ=="],

    "node-addon-api": ["node-addon-api@7.1.1", "", {}, "sha512-5m3bsyrjFWE1xf7nz7YXdN4udnVtXK6/Yfgn5qnahL6bCkf2yKt4k3nuTKAtT4r3IG8JNR2ncsIMdZuAzJjHQQ=="],

    "node-pty": ["node-pty@1.1.0", "", { "dependencies": { "node-addon-api": "^7.1.0" } }, "sha512-20JqtutY6JPXTUnL0ij1uad7Qe1baT46lyolh2sSENDd4sTzKZ4nmAFkeAARDKwmlLjPx6XKRlwRUxwjOy+lUg=="],

    "zod": ["zod@3.25.76", "", {}, "sha512-gzUt/qt81nXsFGKIFcC3YnfEAx5NkunCfnDlvuBSSFS02bcXu4Lmea0AFIUwbLWxWPx3d9p8S5QoaujKcNQxcQ=="],
  }
}
